// !$*UTF8*$!
{
	archiveVersion = 1;
	classes = {
	};
	objectVersion = 50;
	objects = {

/* Begin PBXBuildFile section */
		85EBF9A386AA13230D3DA3EE /* Pods_food_root.framework in Frameworks */ = {isa = PBXBuildFile; fileRef = 83E4ED3D59D1EC0D134444CD /* Pods_food_root.framework */; };
		CFF9DB3C230FB93F00A0AE4F /* AppDelegate.swift in Sources */ = {isa = PBXBuildFile; fileRef = CFF9DB3B230FB93F00A0AE4F /* AppDelegate.swift */; };
		CFF9DB3E230FB93F00A0AE4F /* ViewController.swift in Sources */ = {isa = PBXBuildFile; fileRef = CFF9DB3D230FB93F00A0AE4F /* ViewController.swift */; };
		CFF9DB41230FB93F00A0AE4F /* Main.storyboard in Resources */ = {isa = PBXBuildFile; fileRef = CFF9DB3F230FB93F00A0AE4F /* Main.storyboard */; };
		CFF9DB43230FB94100A0AE4F /* Assets.xcassets in Resources */ = {isa = PBXBuildFile; fileRef = CFF9DB42230FB94100A0AE4F /* Assets.xcassets */; };
		CFF9DB46230FB94100A0AE4F /* LaunchScreen.storyboard in Resources */ = {isa = PBXBuildFile; fileRef = CFF9DB44230FB94100A0AE4F /* LaunchScreen.storyboard */; };
/* End PBXBuildFile section */

/* Begin PBXFileReference section */
		615AD34140162263B1B34740 /* Pods-food-root.release.xcconfig */ = {isa = PBXFileReference; includeInIndex = 1; lastKnownFileType = text.xcconfig; name = "Pods-food-root.release.xcconfig"; path = "Target Support Files/Pods-food-root/Pods-food-root.release.xcconfig"; sourceTree = "<group>"; };
		83E4ED3D59D1EC0D134444CD /* Pods_food_root.framework */ = {isa = PBXFileReference; explicitFileType = wrapper.framework; includeInIndex = 0; path = Pods_food_root.framework; sourceTree = BUILT_PRODUCTS_DIR; };
		8996687E074D223607CA72BB /* Pods-food-root.debug.xcconfig */ = {isa = PBXFileReference; includeInIndex = 1; lastKnownFileType = text.xcconfig; name = "Pods-food-root.debug.xcconfig"; path = "Target Support Files/Pods-food-root/Pods-food-root.debug.xcconfig"; sourceTree = "<group>"; };
		CFF9DB38230FB93F00A0AE4F /* food-root.app */ = {isa = PBXFileReference; explicitFileType = wrapper.application; includeInIndex = 0; path = "food-root.app"; sourceTree = BUILT_PRODUCTS_DIR; };
		CFF9DB3B230FB93F00A0AE4F /* AppDelegate.swift */ = {isa = PBXFileReference; lastKnownFileType = sourcecode.swift; path = AppDelegate.swift; sourceTree = "<group>"; };
		CFF9DB3D230FB93F00A0AE4F /* ViewController.swift */ = {isa = PBXFileReference; lastKnownFileType = sourcecode.swift; path = ViewController.swift; sourceTree = "<group>"; };
		CFF9DB40230FB93F00A0AE4F /* Base */ = {isa = PBXFileReference; lastKnownFileType = file.storyboard; name = Base; path = Base.lproj/Main.storyboard; sourceTree = "<group>"; };
		CFF9DB42230FB94100A0AE4F /* Assets.xcassets */ = {isa = PBXFileReference; lastKnownFileType = folder.assetcatalog; path = Assets.xcassets; sourceTree = "<group>"; };
		CFF9DB45230FB94100A0AE4F /* Base */ = {isa = PBXFileReference; lastKnownFileType = file.storyboard; name = Base; path = Base.lproj/LaunchScreen.storyboard; sourceTree = "<group>"; };
		CFF9DB47230FB94100A0AE4F /* Info.plist */ = {isa = PBXFileReference; lastKnownFileType = text.plist.xml; path = Info.plist; sourceTree = "<group>"; };
/* End PBXFileReference section */

/* Begin PBXFrameworksBuildPhase section */
		CFF9DB35230FB93F00A0AE4F /* Frameworks */ = {
			isa = PBXFrameworksBuildPhase;
			buildActionMask = 2147483647;
			files = (
				85EBF9A386AA13230D3DA3EE /* Pods_food_root.framework in Frameworks */,
			);
			runOnlyForDeploymentPostprocessing = 0;
		};
/* End PBXFrameworksBuildPhase section */

/* Begin PBXGroup section */
		3BA8518960BCCBA227AAA8AE /* Frameworks */ = {
			isa = PBXGroup;
			children = (
				83E4ED3D59D1EC0D134444CD /* Pods_food_root.framework */,
			);
			name = Frameworks;
			sourceTree = "<group>";
		};
		98883802C07942DFD8677B3A /* Pods */ = {
			isa = PBXGroup;
			children = (
				8996687E074D223607CA72BB /* Pods-food-root.debug.xcconfig */,
				615AD34140162263B1B34740 /* Pods-food-root.release.xcconfig */,
			);
			name = Pods;
			path = Pods;
			sourceTree = "<group>";
		};
		CFF9DB2F230FB93F00A0AE4F = {
			isa = PBXGroup;
			children = (
				CFF9DB3A230FB93F00A0AE4F /* food-root */,
				CFF9DB39230FB93F00A0AE4F /* Products */,
				98883802C07942DFD8677B3A /* Pods */,
				3BA8518960BCCBA227AAA8AE /* Frameworks */,
			);
			sourceTree = "<group>";
		};
		CFF9DB39230FB93F00A0AE4F /* Products */ = {
			isa = PBXGroup;
			children = (
				CFF9DB38230FB93F00A0AE4F /* food-root.app */,
			);
			name = Products;
			sourceTree = "<group>";
		};
		CFF9DB3A230FB93F00A0AE4F /* food-root */ = {
			isa = PBXGroup;
			children = (
				CFF9DB3B230FB93F00A0AE4F /* AppDelegate.swift */,
				CFF9DB3D230FB93F00A0AE4F /* ViewController.swift */,
				CFF9DB3F230FB93F00A0AE4F /* Main.storyboard */,
				CFF9DB42230FB94100A0AE4F /* Assets.xcassets */,
				CFF9DB44230FB94100A0AE4F /* LaunchScreen.storyboard */,
				CFF9DB47230FB94100A0AE4F /* Info.plist */,
			);
			path = "food-root";
			sourceTree = "<group>";
		};
/* End PBXGroup section */

/* Begin PBXNativeTarget section */
		CFF9DB37230FB93F00A0AE4F /* food-root */ = {
			isa = PBXNativeTarget;
			buildConfigurationList = CFF9DB4A230FB94100A0AE4F /* Build configuration list for PBXNativeTarget "food-root" */;
			buildPhases = (
				CBDCBA6B964B4C3DE561DAD1 /* [CP] Check Pods Manifest.lock */,
				CFF9DB34230FB93F00A0AE4F /* Sources */,
				CFF9DB35230FB93F00A0AE4F /* Frameworks */,
				CFF9DB36230FB93F00A0AE4F /* Resources */,
				8910514FB39045957B5E8109 /* [CP] Embed Pods Frameworks */,
			);
			buildRules = (
			);
			dependencies = (
			);
			name = "food-root";
			productName = "food-root";
			productReference = CFF9DB38230FB93F00A0AE4F /* food-root.app */;
			productType = "com.apple.product-type.application";
		};
/* End PBXNativeTarget section */

/* Begin PBXProject section */
		CFF9DB30230FB93F00A0AE4F /* Project object */ = {
			isa = PBXProject;
			attributes = {
				LastSwiftUpdateCheck = 1010;
				LastUpgradeCheck = 1010;
				ORGANIZATIONNAME = taiji_zq;
				TargetAttributes = {
					CFF9DB37230FB93F00A0AE4F = {
						CreatedOnToolsVersion = 10.1;
					};
				};
			};
			buildConfigurationList = CFF9DB33230FB93F00A0AE4F /* Build configuration list for PBXProject "food-root" */;
			compatibilityVersion = "Xcode 9.3";
			developmentRegion = en;
			hasScannedForEncodings = 0;
			knownRegions = (
				en,
				Base,
			);
			mainGroup = CFF9DB2F230FB93F00A0AE4F;
			productRefGroup = CFF9DB39230FB93F00A0AE4F /* Products */;
			projectDirPath = "";
			projectRoot = "";
			targets = (
				CFF9DB37230FB93F00A0AE4F /* food-root */,
			);
		};
/* End PBXProject section */

/* Begin PBXResourcesBuildPhase section */
		CFF9DB36230FB93F00A0AE4F /* Resources */ = {
			isa = PBXResourcesBuildPhase;
			buildActionMask = 2147483647;
			files = (
				CFF9DB46230FB94100A0AE4F /* LaunchScreen.storyboard in Resources */,
				CFF9DB43230FB94100A0AE4F /* Assets.xcassets in Resources */,
				CFF9DB41230FB93F00A0AE4F /* Main.storyboard in Resources */,
			);
			runOnlyForDeploymentPostprocessing = 0;
		};
/* End PBXResourcesBuildPhase section */

/* Begin PBXShellScriptBuildPhase section */
		8910514FB39045957B5E8109 /* [CP] Embed Pods Frameworks */ = {
			isa = PBXShellScriptBuildPhase;
			buildActionMask = 2147483647;
			files = (
			);
			inputFileListPaths = (
			);
			inputPaths = (
				"${PODS_ROOT}/Target Support Files/Pods-food-root/Pods-food-root-frameworks.sh",
				"${BUILT_PRODUCTS_DIR}/CTMediator/CTMediator.framework",
				"${BUILT_PRODUCTS_DIR}/FDFullscreenPopGesture/FDFullscreenPopGesture.framework",
				"${BUILT_PRODUCTS_DIR}/MBProgressHUD/MBProgressHUD.framework",
				"${BUILT_PRODUCTS_DIR}/SDWebImage/SDWebImage.framework",
			);
			name = "[CP] Embed Pods Frameworks";
			outputFileListPaths = (
			);
			outputPaths = (
				"${TARGET_BUILD_DIR}/${FRAMEWORKS_FOLDER_PATH}/CTMediator.framework",
				"${TARGET_BUILD_DIR}/${FRAMEWORKS_FOLDER_PATH}/FDFullscreenPopGesture.framework",
				"${TARGET_BUILD_DIR}/${FRAMEWORKS_FOLDER_PATH}/MBProgressHUD.framework",
				"${TARGET_BUILD_DIR}/${FRAMEWORKS_FOLDER_PATH}/SDWebImage.framework",
			);
			runOnlyForDeploymentPostprocessing = 0;
			shellPath = /bin/sh;
			shellScript = "\"${PODS_ROOT}/Target Support Files/Pods-food-root/Pods-food-root-frameworks.sh\"\n";
			showEnvVarsInLog = 0;
		};
		CBDCBA6B964B4C3DE561DAD1 /* [CP] Check Pods Manifest.lock */ = {
			isa = PBXShellScriptBuildPhase;
			buildActionMask = 2147483647;
			files = (
			);
			inputFileListPaths = (
			);
			inputPaths = (
				"${PODS_PODFILE_DIR_PATH}/Podfile.lock",
				"${PODS_ROOT}/Manifest.lock",
			);
			name = "[CP] Check Pods Manifest.lock";
			outputFileListPaths = (
			);
			outputPaths = (
				"$(DERIVED_FILE_DIR)/Pods-food-root-checkManifestLockResult.txt",
			);
			runOnlyForDeploymentPostprocessing = 0;
			shellPath = /bin/sh;
			shellScript = "diff \"${PODS_PODFILE_DIR_PATH}/Podfile.lock\" \"${PODS_ROOT}/Manifest.lock\" > /dev/null\nif [ $? != 0 ] ; then\n    # print error to STDERR\n    echo \"error: The sandbox is not in sync with the Podfile.lock. Run 'pod install' or update your CocoaPods installation.\" >&2\n    exit 1\nfi\n# This output is used by Xcode 'outputs' to avoid re-running this script phase.\necho \"SUCCESS\" > \"${SCRIPT_OUTPUT_FILE_0}\"\n";
			showEnvVarsInLog = 0;
		};
/* End PBXShellScriptBuildPhase section */

/* Begin PBXSourcesBuildPhase section */
		CFF9DB34230FB93F00A0AE4F /* Sources */ = {
			isa = PBXSourcesBuildPhase;
			buildActionMask = 2147483647;
			files = (
				CFF9DB3E230FB93F00A0AE4F /* ViewController.swift in Sources */,
				CFF9DB3C230FB93F00A0AE4F /* AppDelegate.swift in Sources */,
			);
			runOnlyForDeploymentPostprocessing = 0;
		};
/* End PBXSourcesBuildPhase section */

/* Begin PBXVariantGroup section */
		CFF9DB3F230FB93F00A0AE4F /* Main.storyboard */ = {
			isa = PBXVariantGroup;
			children = (
				CFF9DB40230FB93F00A0AE4F /* Base */,
			);
			name = Main.storyboard;
			sourceTree = "<group>";
		};
		CFF9DB44230FB94100A0AE4F /* LaunchScreen.storyboard */ = {
			isa = PBXVariantGroup;
			children = (
				CFF9DB45230FB94100A0AE4F /* Base */,
			);
			name = LaunchScreen.storyboard;
			sourceTree = "<group>";
		};
/* End PBXVariantGroup section */

/* Begin XCBuildConfiguration section */
		CFF9DB48230FB94100A0AE4F /* Debug */ = {
			isa = XCBuildConfiguration;
			buildSettings = {
				ALWAYS_SEARCH_USER_PATHS = NO;
				CLANG_ANALYZER_NONNULL = YES;
				CLANG_ANALYZER_NUMBER_OBJECT_CONVERSION = YES_AGGRESSIVE;
				CLANG_CXX_LANGUAGE_STANDARD = "gnu++14";
				CLANG_CXX_LIBRARY = "libc++";
				CLANG_ENABLE_MODULES = YES;
				CLANG_ENABLE_OBJC_ARC = YES;
				CLANG_ENABLE_OBJC_WEAK = YES;
				CLANG_WARN_BLOCK_CAPTURE_AUTORELEASING = YES;
				CLANG_WARN_BOOL_CONVERSION = YES;
				CLANG_WARN_COMMA = YES;
				CLANG_WARN_CONSTANT_CONVERSION = YES;
				CLANG_WARN_DEPRECATED_OBJC_IMPLEMENTATIONS = YES;
				CLANG_WARN_DIRECT_OBJC_ISA_USAGE = YES_ERROR;
				CLANG_WARN_DOCUMENTATION_COMMENTS = YES;
				CLANG_WARN_EMPTY_BODY = YES;
				CLANG_WARN_ENUM_CONVERSION = YES;
				CLANG_WARN_INFINITE_RECURSION = YES;
				CLANG_WARN_INT_CONVERSION = YES;
				CLANG_WARN_NON_LITERAL_NULL_CONVERSION = YES;
				CLANG_WARN_OBJC_IMPLICIT_RETAIN_SELF = YES;
				CLANG_WARN_OBJC_LITERAL_CONVERSION = YES;
				CLANG_WARN_OBJC_ROOT_CLASS = YES_ERROR;
				CLANG_WARN_RANGE_LOOP_ANALYSIS = YES;
				CLANG_WARN_STRICT_PROTOTYPES = YES;
				CLANG_WARN_SUSPICIOUS_MOVE = YES;
				CLANG_WARN_UNGUARDED_AVAILABILITY = YES_AGGRESSIVE;
				CLANG_WARN_UNREACHABLE_CODE = YES;
				CLANG_WARN__DUPLICATE_METHOD_MATCH = YES;
				CODE_SIGN_IDENTITY = "iPhone Developer";
				COPY_PHASE_STRIP = NO;
				DEBUG_INFORMATION_FORMAT = dwarf;
				ENABLE_STRICT_OBJC_MSGSEND = YES;
				ENABLE_TESTABILITY = YES;
				GCC_C_LANGUAGE_STANDARD = gnu11;
				GCC_DYNAMIC_NO_PIC = NO;
				GCC_NO_COMMON_BLOCKS = YES;
				GCC_OPTIMIZATION_LEVEL = 0;
				GCC_PREPROCESSOR_DEFINITIONS = (
					"DEBUG=1",
					"$(inherited)",
				);
				GCC_WARN_64_TO_32_BIT_CONVERSION = YES;
				GCC_WARN_ABOUT_RETURN_TYPE = YES_ERROR;
				GCC_WARN_UNDECLARED_SELECTOR = YES;
				GCC_WARN_UNINITIALIZED_AUTOS = YES_AGGRESSIVE;
				GCC_WARN_UNUSED_FUNCTION = YES;
				GCC_WARN_UNUSED_VARIABLE = YES;
				IPHONEOS_DEPLOYMENT_TARGET = 12.1;
				MTL_ENABLE_DEBUG_INFO = INCLUDE_SOURCE;
				MTL_FAST_MATH = YES;
				ONLY_ACTIVE_ARCH = YES;
				SDKROOT = iphoneos;
				SWIFT_ACTIVE_COMPILATION_CONDITIONS = DEBUG;
				SWIFT_OPTIMIZATION_LEVEL = "-Onone";
			};
			name = Debug;
		};
		CFF9DB49230FB94100A0AE4F /* Release */ = {
			isa = XCBuildConfiguration;
			buildSettings = {
				ALWAYS_SEARCH_USER_PATHS = NO;
				CLANG_ANALYZER_NONNULL = YES;
				CLANG_ANALYZER_NUMBER_OBJECT_CONVERSION = YES_AGGRESSIVE;
				CLANG_CXX_LANGUAGE_STANDARD = "gnu++14";
				CLANG_CXX_LIBRARY = "libc++";
				CLANG_ENABLE_MODULES = YES;
				CLANG_ENABLE_OBJC_ARC = YES;
				CLANG_ENABLE_OBJC_WEAK = YES;
				CLANG_WARN_BLOCK_CAPTURE_AUTORELEASING = YES;
				CLANG_WARN_BOOL_CONVERSION = YES;
				CLANG_WARN_COMMA = YES;
				CLANG_WARN_CONSTANT_CONVERSION = YES;
				CLANG_WARN_DEPRECATED_OBJC_IMPLEMENTATIONS = YES;
				CLANG_WARN_DIRECT_OBJC_ISA_USAGE = YES_ERROR;
				CLANG_WARN_DOCUMENTATION_COMMENTS = YES;
				CLANG_WARN_EMPTY_BODY = YES;
				CLANG_WARN_ENUM_CONVERSION = YES;
				CLANG_WARN_INFINITE_RECURSION = YES;
				CLANG_WARN_INT_CONVERSION = YES;
				CLANG_WARN_NON_LITERAL_NULL_CONVERSION = YES;
				CLANG_WARN_OBJC_IMPLICIT_RETAIN_SELF = YES;
				CLANG_WARN_OBJC_LITERAL_CONVERSION = YES;
				CLANG_WARN_OBJC_ROOT_CLASS = YES_ERROR;
				CLANG_WARN_RANGE_LOOP_ANALYSIS = YES;
				CLANG_WARN_STRICT_PROTOTYPES = YES;
				CLANG_WARN_SUSPICIOUS_MOVE = YES;
				CLANG_WARN_UNGUARDED_AVAILABILITY = YES_AGGRESSIVE;
				CLANG_WARN_UNREACHABLE_CODE = YES;
				CLANG_WARN__DUPLICATE_METHOD_MATCH = YES;
				CODE_SIGN_IDENTITY = "iPhone Developer";
				COPY_PHASE_STRIP = NO;
				DEBUG_INFORMATION_FORMAT = "dwarf-with-dsym";
				ENABLE_NS_ASSERTIONS = NO;
				ENABLE_STRICT_OBJC_MSGSEND = YES;
				GCC_C_LANGUAGE_STANDARD = gnu11;
				GCC_NO_COMMON_BLOCKS = YES;
				GCC_WARN_64_TO_32_BIT_CONVERSION = YES;
				GCC_WARN_ABOUT_RETURN_TYPE = YES_ERROR;
				GCC_WARN_UNDECLARED_SELECTOR = YES;
				GCC_WARN_UNINITIALIZED_AUTOS = YES_AGGRESSIVE;
				GCC_WARN_UNUSED_FUNCTION = YES;
				GCC_WARN_UNUSED_VARIABLE = YES;
				IPHONEOS_DEPLOYMENT_TARGET = 12.1;
				MTL_ENABLE_DEBUG_INFO = NO;
				MTL_FAST_MATH = YES;
				SDKROOT = iphoneos;
				SWIFT_COMPILATION_MODE = wholemodule;
				SWIFT_OPTIMIZATION_LEVEL = "-O";
				VALIDATE_PRODUCT = YES;
			};
			name = Release;
		};
		CFF9DB4B230FB94100A0AE4F /* Debug */ = {
			isa = XCBuildConfiguration;
			baseConfigurationReference = 8996687E074D223607CA72BB /* Pods-food-root.debug.xcconfig */;
			buildSettings = {
				ASSETCATALOG_COMPILER_APPICON_NAME = AppIcon;
				CODE_SIGN_STYLE = Automatic;
				DEVELOPMENT_TEAM = JDET7L4JQ6;
				INFOPLIST_FILE = "food-root/Info.plist";
				LD_RUNPATH_SEARCH_PATHS = (
					"$(inherited)",
					"@executable_path/Frameworks",
				);
				PRODUCT_BUNDLE_IDENTIFIER = "com.qz.food-root";
				PRODUCT_NAME = "$(TARGET_NAME)";
				SWIFT_VERSION = 4.2;
				TARGETED_DEVICE_FAMILY = "1,2";
			};
			name = Debug;
		};
		CFF9DB4C230FB94100A0AE4F /* Release */ = {
			isa = XCBuildConfiguration;
			baseConfigurationReference = 615AD34140162263B1B34740 /* Pods-food-root.release.xcconfig */;
			buildSettings = {
				ASSETCATALOG_COMPILER_APPICON_NAME = AppIcon;
				CODE_SIGN_STYLE = Automatic;
				DEVELOPMENT_TEAM = JDET7L4JQ6;
				INFOPLIST_FILE = "food-root/Info.plist";
				LD_RUNPATH_SEARCH_PATHS = (
					"$(inherited)",
					"@executable_path/Frameworks",
				);
				PRODUCT_BUNDLE_IDENTIFIER = "com.qz.food-root";
				PRODUCT_NAME = "$(TARGET_NAME)";
				SWIFT_VERSION = 4.2;
				TARGETED_DEVICE_FAMILY = "1,2";
			};
			name = Release;
		};
/* End XCBuildConfiguration section */

/* Begin XCConfigurationList section */
		CFF9DB33230FB93F00A0AE4F /* Build configuration list for PBXProject "food-root" */ = {
			isa = XCConfigurationList;
			buildConfigurations = (
				CFF9DB48230FB94100A0AE4F /* Debug */,
				CFF9DB49230FB94100A0AE4F /* Release */,
			);
			defaultConfigurationIsVisible = 0;
			defaultConfigurationName = Release;
		};
		CFF9DB4A230FB94100A0AE4F /* Build configuration list for PBXNativeTarget "food-root" */ = {
			isa = XCConfigurationList;
			buildConfigurations = (
				CFF9DB4B230FB94100A0AE4F /* Debug */,
				CFF9DB4C230FB94100A0AE4F /* Release */,
			);
			defaultConfigurationIsVisible = 0;
			defaultConfigurationName = Release;
		};
/* End XCConfigurationList section */
	};
	rootObject = CFF9DB30230FB93F00A0AE4F /* Project object */;
}
